// !$*UTF8*$!
{
	archiveVersion = 1;
	classes = {
	};
	objectVersion = 46;
	objects = {

/* Begin PBXBuildFile section */
		5C6511571C96142C008BA10E /* main.m in Sources */ = {isa = PBXBuildFile; fileRef = 5C6511561C96142C008BA10E /* main.m */; };
		5C65115A1C96142C008BA10E /* AppDelegate.m in Sources */ = {isa = PBXBuildFile; fileRef = 5C6511591C96142C008BA10E /* AppDelegate.m */; };
		5C65115D1C96142C008BA10E /* ViewController.m in Sources */ = {isa = PBXBuildFile; fileRef = 5C65115C1C96142C008BA10E /* ViewController.m */; };
		5C6511601C96142C008BA10E /* Main.storyboard in Resources */ = {isa = PBXBuildFile; fileRef = 5C65115E1C96142C008BA10E /* Main.storyboard */; };
		5C6511621C96142C008BA10E /* Images.xcassets in Resources */ = {isa = PBXBuildFile; fileRef = 5C6511611C96142C008BA10E /* Images.xcassets */; };
		5C6511651C96142C008BA10E /* LaunchScreen.xib in Resources */ = {isa = PBXBuildFile; fileRef = 5C6511631C96142C008BA10E /* LaunchScreen.xib */; };
		5C6511711C96142D008BA10E /* VHFCaseMateAppTests.m in Sources */ = {isa = PBXBuildFile; fileRef = 5C6511701C96142D008BA10E /* VHFCaseMateAppTests.m */; };
		5C68A39D1C961567000827A6 /* FrequencyManager.m in Sources */ = {isa = PBXBuildFile; fileRef = 5C68A39C1C961567000827A6 /* FrequencyManager.m */; };
		5C68A39F1C96175A000827A6 /* ExternalAccessory.framework in Frameworks */ = {isa = PBXBuildFile; fileRef = 5C68A39E1C96175A000827A6 /* ExternalAccessory.framework */; };
		5C68A3A21C96177B000827A6 /* AudioToolbox.framework in Frameworks */ = {isa = PBXBuildFile; fileRef = 5C68A3A01C96177B000827A6 /* AudioToolbox.framework */; };
/* End PBXBuildFile section */

/* Begin PBXContainerItemProxy section */
		5C65116B1C96142D008BA10E /* PBXContainerItemProxy */ = {
			isa = PBXContainerItemProxy;
			containerPortal = 5C6511491C96142C008BA10E /* Project object */;
			proxyType = 1;
			remoteGlobalIDString = 5C6511501C96142C008BA10E;
			remoteInfo = VHFCaseMateApp;
		};
/* End PBXContainerItemProxy section */

/* Begin PBXFileReference section */
		5C6511511C96142C008BA10E /* VHFCaseMateApp.app */ = {isa = PBXFileReference; explicitFileType = wrapper.application; includeInIndex = 0; path = VHFCaseMateApp.app; sourceTree = BUILT_PRODUCTS_DIR; };
		5C6511551C96142C008BA10E /* Info.plist */ = {isa = PBXFileReference; lastKnownFileType = text.plist.xml; path = Info.plist; sourceTree = "<group>"; };
		5C6511561C96142C008BA10E /* main.m */ = {isa = PBXFileReference; lastKnownFileType = sourcecode.c.objc; path = main.m; sourceTree = "<group>"; };
		5C6511581C96142C008BA10E /* AppDelegate.h */ = {isa = PBXFileReference; lastKnownFileType = sourcecode.c.h; path = AppDelegate.h; sourceTree = "<group>"; };
		5C6511591C96142C008BA10E /* AppDelegate.m */ = {isa = PBXFileReference; lastKnownFileType = sourcecode.c.objc; path = AppDelegate.m; sourceTree = "<group>"; };
		5C65115B1C96142C008BA10E /* ViewController.h */ = {isa = PBXFileReference; lastKnownFileType = sourcecode.c.h; path = ViewController.h; sourceTree = "<group>"; };
		5C65115C1C96142C008BA10E /* ViewController.m */ = {isa = PBXFileReference; lastKnownFileType = sourcecode.c.objc; path = ViewController.m; sourceTree = "<group>"; };
		5C65115F1C96142C008BA10E /* Base */ = {isa = PBXFileReference; lastKnownFileType = file.storyboard; name = Base; path = Base.lproj/Main.storyboard; sourceTree = "<group>"; };
		5C6511611C96142C008BA10E /* Images.xcassets */ = {isa = PBXFileReference; lastKnownFileType = folder.assetcatalog; path = Images.xcassets; sourceTree = "<group>"; };
		5C6511641C96142C008BA10E /* Base */ = {isa = PBXFileReference; lastKnownFileType = file.xib; name = Base; path = Base.lproj/LaunchScreen.xib; sourceTree = "<group>"; };
		5C65116A1C96142D008BA10E /* VHFCaseMateAppTests.xctest */ = {isa = PBXFileReference; explicitFileType = wrapper.cfbundle; includeInIndex = 0; path = VHFCaseMateAppTests.xctest; sourceTree = BUILT_PRODUCTS_DIR; };
		5C65116F1C96142D008BA10E /* Info.plist */ = {isa = PBXFileReference; lastKnownFileType = text.plist.xml; path = Info.plist; sourceTree = "<group>"; };
		5C6511701C96142D008BA10E /* VHFCaseMateAppTests.m */ = {isa = PBXFileReference; lastKnownFileType = sourcecode.c.objc; path = VHFCaseMateAppTests.m; sourceTree = "<group>"; };
		5C68A39B1C961567000827A6 /* FrequencyManager.h */ = {isa = PBXFileReference; fileEncoding = 4; lastKnownFileType = sourcecode.c.h; path = FrequencyManager.h; sourceTree = "<group>"; };
		5C68A39C1C961567000827A6 /* FrequencyManager.m */ = {isa = PBXFileReference; fileEncoding = 4; lastKnownFileType = sourcecode.c.objc; path = FrequencyManager.m; sourceTree = "<group>"; };
		5C68A39E1C96175A000827A6 /* ExternalAccessory.framework */ = {isa = PBXFileReference; lastKnownFileType = wrapper.framework; name = ExternalAccessory.framework; path = System/Library/Frameworks/ExternalAccessory.framework; sourceTree = SDKROOT; };
		5C68A3A01C96177B000827A6 /* AudioToolbox.framework */ = {isa = PBXFileReference; lastKnownFileType = wrapper.framework; name = AudioToolbox.framework; path = System/Library/Frameworks/AudioToolbox.framework; sourceTree = SDKROOT; };
		5C68A3A11C96177B000827A6 /* AudioUnit.framework */ = {isa = PBXFileReference; lastKnownFileType = wrapper.framework; name = AudioUnit.framework; path = System/Library/Frameworks/AudioUnit.framework; sourceTree = SDKROOT; };
/* End PBXFileReference section */

/* Begin PBXFrameworksBuildPhase section */
		5C65114E1C96142C008BA10E /* Frameworks */ = {
			isa = PBXFrameworksBuildPhase;
			buildActionMask = 2147483647;
			files = (
				5C68A3A21C96177B000827A6 /* AudioToolbox.framework in Frameworks */,
				5C68A39F1C96175A000827A6 /* ExternalAccessory.framework in Frameworks */,
			);
			runOnlyForDeploymentPostprocessing = 0;
		};
		5C6511671C96142D008BA10E /* Frameworks */ = {
			isa = PBXFrameworksBuildPhase;
			buildActionMask = 2147483647;
			files = (
			);
			runOnlyForDeploymentPostprocessing = 0;
		};
/* End PBXFrameworksBuildPhase section */

/* Begin PBXGroup section */
		5C6511481C96142C008BA10E = {
			isa = PBXGroup;
			children = (
				5C6511531C96142C008BA10E /* VHFCaseMateApp */,
				5C65116D1C96142D008BA10E /* VHFCaseMateAppTests */,
				5C6511521C96142C008BA10E /* Products */,
				5C68A3A01C96177B000827A6 /* AudioToolbox.framework */,
				5C68A3A11C96177B000827A6 /* AudioUnit.framework */,
				5C68A39E1C96175A000827A6 /* ExternalAccessory.framework */,
			);
			sourceTree = "<group>";
		};
		5C6511521C96142C008BA10E /* Products */ = {
			isa = PBXGroup;
			children = (
				5C6511511C96142C008BA10E /* VHFCaseMateApp.app */,
				5C65116A1C96142D008BA10E /* VHFCaseMateAppTests.xctest */,
			);
			name = Products;
			sourceTree = "<group>";
		};
		5C6511531C96142C008BA10E /* VHFCaseMateApp */ = {
			isa = PBXGroup;
			children = (
				5C6511581C96142C008BA10E /* AppDelegate.h */,
				5C6511591C96142C008BA10E /* AppDelegate.m */,
				5C65115B1C96142C008BA10E /* ViewController.h */,
				5C65115C1C96142C008BA10E /* ViewController.m */,
				5C68A39B1C961567000827A6 /* FrequencyManager.h */,
				5C68A39C1C961567000827A6 /* FrequencyManager.m */,
				5C65115E1C96142C008BA10E /* Main.storyboard */,
				5C6511611C96142C008BA10E /* Images.xcassets */,
				5C6511631C96142C008BA10E /* LaunchScreen.xib */,
				5C6511541C96142C008BA10E /* Supporting Files */,
			);
			path = VHFCaseMateApp;
			sourceTree = "<group>";
		};
		5C6511541C96142C008BA10E /* Supporting Files */ = {
			isa = PBXGroup;
			children = (
				5C6511551C96142C008BA10E /* Info.plist */,
				5C6511561C96142C008BA10E /* main.m */,
			);
			name = "Supporting Files";
			sourceTree = "<group>";
		};
		5C65116D1C96142D008BA10E /* VHFCaseMateAppTests */ = {
			isa = PBXGroup;
			children = (
				5C6511701C96142D008BA10E /* VHFCaseMateAppTests.m */,
				5C65116E1C96142D008BA10E /* Supporting Files */,
			);
			path = VHFCaseMateAppTests;
			sourceTree = "<group>";
		};
		5C65116E1C96142D008BA10E /* Supporting Files */ = {
			isa = PBXGroup;
			children = (
				5C65116F1C96142D008BA10E /* Info.plist */,
			);
			name = "Supporting Files";
			sourceTree = "<group>";
		};
/* End PBXGroup section */

/* Begin PBXNativeTarget section */
		5C6511501C96142C008BA10E /* VHFCaseMateApp */ = {
			isa = PBXNativeTarget;
			buildConfigurationList = 5C6511741C96142D008BA10E /* Build configuration list for PBXNativeTarget "VHFCaseMateApp" */;
			buildPhases = (
				5C65114D1C96142C008BA10E /* Sources */,
				5C65114E1C96142C008BA10E /* Frameworks */,
				5C65114F1C96142C008BA10E /* Resources */,
			);
			buildRules = (
			);
			dependencies = (
			);
			name = VHFCaseMateApp;
			productName = VHFCaseMateApp;
			productReference = 5C6511511C96142C008BA10E /* VHFCaseMateApp.app */;
			productType = "com.apple.product-type.application";
		};
		5C6511691C96142D008BA10E /* VHFCaseMateAppTests */ = {
			isa = PBXNativeTarget;
			buildConfigurationList = 5C6511771C96142D008BA10E /* Build configuration list for PBXNativeTarget "VHFCaseMateAppTests" */;
			buildPhases = (
				5C6511661C96142D008BA10E /* Sources */,
				5C6511671C96142D008BA10E /* Frameworks */,
				5C6511681C96142D008BA10E /* Resources */,
			);
			buildRules = (
			);
			dependencies = (
				5C65116C1C96142D008BA10E /* PBXTargetDependency */,
			);
			name = VHFCaseMateAppTests;
			productName = VHFCaseMateAppTests;
			productReference = 5C65116A1C96142D008BA10E /* VHFCaseMateAppTests.xctest */;
			productType = "com.apple.product-type.bundle.unit-test";
		};
/* End PBXNativeTarget section */

/* Begin PBXProject section */
		5C6511491C96142C008BA10E /* Project object */ = {
			isa = PBXProject;
			attributes = {
				LastUpgradeCheck = 0630;
				ORGANIZATIONNAME = "Ronan McHugh";
				TargetAttributes = {
					5C6511501C96142C008BA10E = {
						CreatedOnToolsVersion = 6.3;
					};
					5C6511691C96142D008BA10E = {
						CreatedOnToolsVersion = 6.3;
						TestTargetID = 5C6511501C96142C008BA10E;
					};
				};
			};
			buildConfigurationList = 5C65114C1C96142C008BA10E /* Build configuration list for PBXProject "VHFCaseMateApp" */;
			compatibilityVersion = "Xcode 3.2";
			developmentRegion = English;
			hasScannedForEncodings = 0;
			knownRegions = (
				en,
				Base,
			);
			mainGroup = 5C6511481C96142C008BA10E;
			productRefGroup = 5C6511521C96142C008BA10E /* Products */;
			projectDirPath = "";
			projectRoot = "";
			targets = (
				5C6511501C96142C008BA10E /* VHFCaseMateApp */,
				5C6511691C96142D008BA10E /* VHFCaseMateAppTests */,
			);
		};
/* End PBXProject section */

/* Begin PBXResourcesBuildPhase section */
		5C65114F1C96142C008BA10E /* Resources */ = {
			isa = PBXResourcesBuildPhase;
			buildActionMask = 2147483647;
			files = (
				5C6511601C96142C008BA10E /* Main.storyboard in Resources */,
				5C6511651C96142C008BA10E /* LaunchScreen.xib in Resources */,
				5C6511621C96142C008BA10E /* Images.xcassets in Resources */,
			);
			runOnlyForDeploymentPostprocessing = 0;
		};
		5C6511681C96142D008BA10E /* Resources */ = {
			isa = PBXResourcesBuildPhase;
			buildActionMask = 2147483647;
			files = (
			);
			runOnlyForDeploymentPostprocessing = 0;
		};
/* End PBXResourcesBuildPhase section */

/* Begin PBXSourcesBuildPhase section */
		5C65114D1C96142C008BA10E /* Sources */ = {
			isa = PBXSourcesBuildPhase;
			buildActionMask = 2147483647;
			files = (
				5C65115D1C96142C008BA10E /* ViewController.m in Sources */,
				5C65115A1C96142C008BA10E /* AppDelegate.m in Sources */,
				5C68A39D1C961567000827A6 /* FrequencyManager.m in Sources */,
				5C6511571C96142C008BA10E /* main.m in Sources */,
			);
			runOnlyForDeploymentPostprocessing = 0;
		};
		5C6511661C96142D008BA10E /* Sources */ = {
			isa = PBXSourcesBuildPhase;
			buildActionMask = 2147483647;
			files = (
				5C6511711C96142D008BA10E /* VHFCaseMateAppTests.m in Sources */,
			);
			runOnlyForDeploymentPostprocessing = 0;
		};
/* End PBXSourcesBuildPhase section */

/* Begin PBXTargetDependency section */
		5C65116C1C96142D008BA10E /* PBXTargetDependency */ = {
			isa = PBXTargetDependency;
			target = 5C6511501C96142C008BA10E /* VHFCaseMateApp */;
			targetProxy = 5C65116B1C96142D008BA10E /* PBXContainerItemProxy */;
		};
/* End PBXTargetDependency section */

/* Begin PBXVariantGroup section */
		5C65115E1C96142C008BA10E /* Main.storyboard */ = {
			isa = PBXVariantGroup;
			children = (
				5C65115F1C96142C008BA10E /* Base */,
			);
			name = Main.storyboard;
			sourceTree = "<group>";
		};
		5C6511631C96142C008BA10E /* LaunchScreen.xib */ = {
			isa = PBXVariantGroup;
			children = (
				5C6511641C96142C008BA10E /* Base */,
			);
			name = LaunchScreen.xib;
			sourceTree = "<group>";
		};
/* End PBXVariantGroup section */

/* Begin XCBuildConfiguration section */
		5C6511721C96142D008BA10E /* Debug */ = {
			isa = XCBuildConfiguration;
			buildSettings = {
				ALWAYS_SEARCH_USER_PATHS = NO;
				CLANG_CXX_LANGUAGE_STANDARD = "gnu++0x";
				CLANG_CXX_LIBRARY = "libc++";
				CLANG_ENABLE_MODULES = YES;
				CLANG_ENABLE_OBJC_ARC = YES;
				CLANG_WARN_BOOL_CONVERSION = YES;
				CLANG_WARN_CONSTANT_CONVERSION = YES;
				CLANG_WARN_DIRECT_OBJC_ISA_USAGE = YES_ERROR;
				CLANG_WARN_EMPTY_BODY = YES;
				CLANG_WARN_ENUM_CONVERSION = YES;
				CLANG_WARN_INT_CONVERSION = YES;
				CLANG_WARN_OBJC_ROOT_CLASS = YES_ERROR;
				CLANG_WARN_UNREACHABLE_CODE = YES;
				CLANG_WARN__DUPLICATE_METHOD_MATCH = YES;
				"CODE_SIGN_IDENTITY[sdk=iphoneos*]" = "iPhone Developer";
				COPY_PHASE_STRIP = NO;
				DEBUG_INFORMATION_FORMAT = "dwarf-with-dsym";
				ENABLE_STRICT_OBJC_MSGSEND = YES;
				GCC_C_LANGUAGE_STANDARD = gnu99;
				GCC_DYNAMIC_NO_PIC = NO;
				GCC_NO_COMMON_BLOCKS = YES;
				GCC_OPTIMIZATION_LEVEL = 0;
				GCC_PREPROCESSOR_DEFINITIONS = (
					"DEBUG=1",
					"$(inherited)",
				);
				GCC_SYMBOLS_PRIVATE_EXTERN = NO;
				GCC_WARN_64_TO_32_BIT_CONVERSION = YES;
				GCC_WARN_ABOUT_RETURN_TYPE = YES_ERROR;
				GCC_WARN_UNDECLARED_SELECTOR = YES;
				GCC_WARN_UNINITIALIZED_AUTOS = YES_AGGRESSIVE;
				GCC_WARN_UNUSED_FUNCTION = YES;
				GCC_WARN_UNUSED_VARIABLE = YES;
				IPHONEOS_DEPLOYMENT_TARGET = 8.3;
				MTL_ENABLE_DEBUG_INFO = YES;
				ONLY_ACTIVE_ARCH = YES;
				SDKROOT = iphoneos;
			};
			name = Debug;
		};
		5C6511731C96142D008BA10E /* Release */ = {
			isa = XCBuildConfiguration;
			buildSettings = {
				ALWAYS_SEARCH_USER_PATHS = NO;
				CLANG_CXX_LANGUAGE_STANDARD = "gnu++0x";
				CLANG_CXX_LIBRARY = "libc++";
				CLANG_ENABLE_MODULES = YES;
				CLANG_ENABLE_OBJC_ARC = YES;
				CLANG_WARN_BOOL_CONVERSION = YES;
				CLANG_WARN_CONSTANT_CONVERSION = YES;
				CLANG_WARN_DIRECT_OBJC_ISA_USAGE = YES_ERROR;
				CLANG_WARN_EMPTY_BODY = YES;
				CLANG_WARN_ENUM_CONVERSION = YES;
				CLANG_WARN_INT_CONVERSION = YES;
				CLANG_WARN_OBJC_ROOT_CLASS = YES_ERROR;
				CLANG_WARN_UNREACHABLE_CODE = YES;
				CLANG_WARN__DUPLICATE_METHOD_MATCH = YES;
				"CODE_SIGN_IDENTITY[sdk=iphoneos*]" = "iPhone Developer";
				COPY_PHASE_STRIP = NO;
				DEBUG_INFORMATION_FORMAT = "dwarf-with-dsym";
				ENABLE_NS_ASSERTIONS = NO;
				ENABLE_STRICT_OBJC_MSGSEND = YES;
				GCC_C_LANGUAGE_STANDARD = gnu99;
				GCC_NO_COMMON_BLOCKS = YES;
				GCC_WARN_64_TO_32_BIT_CONVERSION = YES;
				GCC_WARN_ABOUT_RETURN_TYPE = YES_ERROR;
				GCC_WARN_UNDECLARED_SELECTOR = YES;
				GCC_WARN_UNINITIALIZED_AUTOS = YES_AGGRESSIVE;
				GCC_WARN_UNUSED_FUNCTION = YES;
				GCC_WARN_UNUSED_VARIABLE = YES;
				IPHONEOS_DEPLOYMENT_TARGET = 8.3;
				MTL_ENABLE_DEBUG_INFO = NO;
				SDKROOT = iphoneos;
				VALIDATE_PRODUCT = YES;
			};
			name = Release;
		};
		5C6511751C96142D008BA10E /* Debug */ = {
			isa = XCBuildConfiguration;
			buildSettings = {
				ASSETCATALOG_COMPILER_APPICON_NAME = AppIcon;
				INFOPLIST_FILE = VHFCaseMateApp/Info.plist;
				LD_RUNPATH_SEARCH_PATHS = "$(inherited) @executable_path/Frameworks";
				PRODUCT_NAME = "$(TARGET_NAME)";
			};
			name = Debug;
		};
		5C6511761C96142D008BA10E /* Release */ = {
			isa = XCBuildConfiguration;
			buildSettings = {
				ASSETCATALOG_COMPILER_APPICON_NAME = AppIcon;
				INFOPLIST_FILE = VHFCaseMateApp/Info.plist;
				LD_RUNPATH_SEARCH_PATHS = "$(inherited) @executable_path/Frameworks";
				PRODUCT_NAME = "$(TARGET_NAME)";
			};
			name = Release;
		};
		5C6511781C96142D008BA10E /* Debug */ = {
			isa = XCBuildConfiguration;
			buildSettings = {
				BUNDLE_LOADER = "$(TEST_HOST)";
				FRAMEWORK_SEARCH_PATHS = (
					"$(SDKROOT)/Developer/Library/Frameworks",
					"$(inherited)",
				);
				GCC_PREPROCESSOR_DEFINITIONS = (
					"DEBUG=1",
					"$(inherited)",
				);
				INFOPLIST_FILE = VHFCaseMateAppTests/Info.plist;
				LD_RUNPATH_SEARCH_PATHS = "$(inherited) @executable_path/Frameworks @loader_path/Frameworks";
				PRODUCT_NAME = "$(TARGET_NAME)";
				TEST_HOST = "$(BUILT_PRODUCTS_DIR)/VHFCaseMateApp.app/VHFCaseMateApp";
			};
			name = Debug;
		};
		5C6511791C96142D008BA10E /* Release */ = {
			isa = XCBuildConfiguration;
			buildSettings = {
				BUNDLE_LOADER = "$(TEST_HOST)";
				FRAMEWORK_SEARCH_PATHS = (
					"$(SDKROOT)/Developer/Library/Frameworks",
					"$(inherited)",
				);
				INFOPLIST_FILE = VHFCaseMateAppTests/Info.plist;
				LD_RUNPATH_SEARCH_PATHS = "$(inherited) @executable_path/Frameworks @loader_path/Frameworks";
				PRODUCT_NAME = "$(TARGET_NAME)";
				TEST_HOST = "$(BUILT_PRODUCTS_DIR)/VHFCaseMateApp.app/VHFCaseMateApp";
			};
			name = Release;
		};
/* End XCBuildConfiguration section */

/* Begin XCConfigurationList section */
		5C65114C1C96142C008BA10E /* Build configuration list for PBXProject "VHFCaseMateApp" */ = {
			isa = XCConfigurationList;
			buildConfigurations = (
				5C6511721C96142D008BA10E /* Debug */,
				5C6511731C96142D008BA10E /* Release */,
			);
			defaultConfigurationIsVisible = 0;
			defaultConfigurationName = Release;
		};
		5C6511741C96142D008BA10E /* Build configuration list for PBXNativeTarget "VHFCaseMateApp" */ = {
			isa = XCConfigurationList;
			buildConfigurations = (
				5C6511751C96142D008BA10E /* Debug */,
				5C6511761C96142D008BA10E /* Release */,
			);
			defaultConfigurationIsVisible = 0;
			defaultConfigurationName = Release;
		};
		5C6511771C96142D008BA10E /* Build configuration list for PBXNativeTarget "VHFCaseMateAppTests" */ = {
			isa = XCConfigurationList;
			buildConfigurations = (
				5C6511781C96142D008BA10E /* Debug */,
				5C6511791C96142D008BA10E /* Release */,
			);
			defaultConfigurationIsVisible = 0;
			defaultConfigurationName = Release;
		};
/* End XCConfigurationList section */
	};
	rootObject = 5C6511491C96142C008BA10E /* Project object */;
}
